
Microsoft Visual Studio Solution File, Format Version 12.00
# Visual Studio Version 17
VisualStudioVersion = 17.10.34928.147
MinimumVisualStudioVersion = 10.0.40219.1
Project("{FAE04EC0-301F-11D3-BF4B-00C04F79EFBC}") = "Auto_rent", "Auto_rent\Auto_rent.csproj", "{1C3AAEE2-08E3-4FB7-AE86-B03A3FAFDB09}"
EndProject
Global
	GlobalSection(SolutionConfigurationPlatforms) = preSolution
		Debug|Any CPU = Debug|Any CPU
		Release|Any CPU = Release|Any CPU
	EndGlobalSection
	GlobalSection(ProjectConfigurationPlatforms) = postSolution
		{1C3AAEE2-08E3-4FB7-AE86-B03A3FAFDB09}.Debug|Any CPU.ActiveCfg = Debug|Any CPU
		{1C3AAEE2-08E3-4FB7-AE86-B03A3FAFDB09}.Debug|Any CPU.Build.0 = Debug|Any CPU
		{1C3AAEE2-08E3-4FB7-AE86-B03A3FAFDB09}.Release|Any CPU.ActiveCfg = Release|Any CPU
		{1C3AAEE2-08E3-4FB7-AE86-B03A3FAFDB09}.Release|Any CPU.Build.0 = Release|Any CPU
	EndGlobalSection
	GlobalSection(SolutionProperties) = preSolution
		HideSolutionNode = FALSE
	EndGlobalSection
	GlobalSection(ExtensibilityGlobals) = postSolution
		SolutionGuid = {B3A50C99-E08E-48D5-92BB-ED6611E2D669}
	EndGlobalSection
EndGlobal
