
Microsoft Visual Studio Solution File, Format Version 12.00
# Visual Studio Version 17
VisualStudioVersion = 17.9.34902.65
MinimumVisualStudioVersion = 10.0.40219.1
Project("{FAE04EC0-301F-11D3-BF4B-00C04F79EFBC}") = "Car_Rental", "Car_Rental\Car_Rental.csproj", "{8FD5D2FD-D453-418A-90AE-9407030DFF02}"
EndProject
Global
	GlobalSection(SolutionConfigurationPlatforms) = preSolution
		Debug|Any CPU = Debug|Any CPU
		Release|Any CPU = Release|Any CPU
	EndGlobalSection
	GlobalSection(ProjectConfigurationPlatforms) = postSolution
		{8FD5D2FD-D453-418A-90AE-9407030DFF02}.Debug|Any CPU.ActiveCfg = Debug|Any CPU
		{8FD5D2FD-D453-418A-90AE-9407030DFF02}.Debug|Any CPU.Build.0 = Debug|Any CPU
		{8FD5D2FD-D453-418A-90AE-9407030DFF02}.Release|Any CPU.ActiveCfg = Release|Any CPU
		{8FD5D2FD-D453-418A-90AE-9407030DFF02}.Release|Any CPU.Build.0 = Release|Any CPU
	EndGlobalSection
	GlobalSection(SolutionProperties) = preSolution
		HideSolutionNode = FALSE
	EndGlobalSection
	GlobalSection(ExtensibilityGlobals) = postSolution
		SolutionGuid = {C7EAFA91-BCB0-46F7-AE2F-A3C0AEA7CF12}
	EndGlobalSection
EndGlobal
